
Microsoft Visual Studio Solution File, Format Version 12.00
# Visual Studio Version 17
VisualStudioVersion = 17.8.34408.163
MinimumVisualStudioVersion = 10.0.40219.1
Project("{FAE04EC0-301F-11D3-BF4B-00C04F79EFBC}") = "Route Finder", "Route Finder.csproj", "{7353D58A-4D56-4417-94D0-2BF3694FDC1D}"
EndProject
Global
	GlobalSection(SolutionConfigurationPlatforms) = preSolution
		Debug|Any CPU = Debug|Any CPU
		Release|Any CPU = Release|Any CPU
	EndGlobalSection
	GlobalSection(ProjectConfigurationPlatforms) = postSolution
		{7353D58A-4D56-4417-94D0-2BF3694FDC1D}.Debug|Any CPU.ActiveCfg = Debug|Any CPU
		{7353D58A-4D56-4417-94D0-2BF3694FDC1D}.Debug|Any CPU.Build.0 = Debug|Any CPU
		{7353D58A-4D56-4417-94D0-2BF3694FDC1D}.Release|Any CPU.ActiveCfg = Release|Any CPU
		{7353D58A-4D56-4417-94D0-2BF3694FDC1D}.Release|Any CPU.Build.0 = Release|Any CPU
	EndGlobalSection
	GlobalSection(SolutionProperties) = preSolution
		HideSolutionNode = FALSE
	EndGlobalSection
	GlobalSection(ExtensibilityGlobals) = postSolution
		SolutionGuid = {8AA8B522-AB1F-422E-A0E1-047D525C9EDB}
	EndGlobalSection
EndGlobal
